Microsoft Visual Studio Solution File, Format Version 12.00
# Visual Studio 2012
Project("{1B19158F-E398-40A6-8E3B-350508E125F1}") = "ItemTemplateButtonClick", "ItemTemplateButtonClick\ItemTemplateButtonClick.dxjsproj", "{9B936990-CDD6-4308-A708-F27058E13535}"
EndProject
Global
	GlobalSection(SolutionConfigurationPlatforms) = preSolution
		Debug|x86 = Debug|x86
		Release|x86 = Release|x86
	EndGlobalSection
	GlobalSection(ProjectConfigurationPlatforms) = postSolution
		{9B936990-CDD6-4308-A708-F27058E13535}.Debug|x86.ActiveCfg = Debug|Any CPU
		{9B936990-CDD6-4308-A708-F27058E13535}.Release|x86.ActiveCfg = Release|Any CPU
	EndGlobalSection
	GlobalSection(SolutionProperties) = preSolution
		HideSolutionNode = FALSE
	EndGlobalSection
EndGlobal
